// !$*UTF8*$!
{
	archiveVersion = 1;
	classes = {
	};
	objectVersion = 46;
	objects = {

/* Begin PBXBuildFile section */
		FA4120321A3CEF7100B0DDDD /* main.m in Sources */ = {isa = PBXBuildFile; fileRef = FA4120311A3CEF7100B0DDDD /* main.m */; };
		FA41203A1A3CEFA000B0DDDD /* BNRAppliance.m in Sources */ = {isa = PBXBuildFile; fileRef = FA4120391A3CEFA000B0DDDD /* BNRAppliance.m */; };
		FA41203D1A3CEFBA00B0DDDD /* BNROwnedAppliance.m in Sources */ = {isa = PBXBuildFile; fileRef = FA41203C1A3CEFBA00B0DDDD /* BNROwnedAppliance.m */; };
/* End PBXBuildFile section */

/* Begin PBXCopyFilesBuildPhase section */
		FA41202C1A3CEF7100B0DDDD /* CopyFiles */ = {
			isa = PBXCopyFilesBuildPhase;
			buildActionMask = 2147483647;
			dstPath = /usr/share/man/man1/;
			dstSubfolderSpec = 0;
			files = (
			);
			runOnlyForDeploymentPostprocessing = 1;
		};
/* End PBXCopyFilesBuildPhase section */

/* Begin PBXFileReference section */
		FA41202E1A3CEF7100B0DDDD /* Appliances */ = {isa = PBXFileReference; explicitFileType = "compiled.mach-o.executable"; includeInIndex = 0; path = Appliances; sourceTree = BUILT_PRODUCTS_DIR; };
		FA4120311A3CEF7100B0DDDD /* main.m */ = {isa = PBXFileReference; lastKnownFileType = sourcecode.c.objc; path = main.m; sourceTree = "<group>"; };
		FA4120381A3CEFA000B0DDDD /* BNRAppliance.h */ = {isa = PBXFileReference; fileEncoding = 4; lastKnownFileType = sourcecode.c.h; path = BNRAppliance.h; sourceTree = "<group>"; };
		FA4120391A3CEFA000B0DDDD /* BNRAppliance.m */ = {isa = PBXFileReference; fileEncoding = 4; lastKnownFileType = sourcecode.c.objc; path = BNRAppliance.m; sourceTree = "<group>"; };
		FA41203B1A3CEFBA00B0DDDD /* BNROwnedAppliance.h */ = {isa = PBXFileReference; fileEncoding = 4; lastKnownFileType = sourcecode.c.h; path = BNROwnedAppliance.h; sourceTree = "<group>"; };
		FA41203C1A3CEFBA00B0DDDD /* BNROwnedAppliance.m */ = {isa = PBXFileReference; fileEncoding = 4; lastKnownFileType = sourcecode.c.objc; path = BNROwnedAppliance.m; sourceTree = "<group>"; };
/* End PBXFileReference section */

/* Begin PBXFrameworksBuildPhase section */
		FA41202B1A3CEF7100B0DDDD /* Frameworks */ = {
			isa = PBXFrameworksBuildPhase;
			buildActionMask = 2147483647;
			files = (
			);
			runOnlyForDeploymentPostprocessing = 0;
		};
/* End PBXFrameworksBuildPhase section */

/* Begin PBXGroup section */
		FA4120251A3CEF7100B0DDDD = {
			isa = PBXGroup;
			children = (
				FA4120381A3CEFA000B0DDDD /* BNRAppliance.h */,
				FA4120391A3CEFA000B0DDDD /* BNRAppliance.m */,
				FA41203B1A3CEFBA00B0DDDD /* BNROwnedAppliance.h */,
				FA41203C1A3CEFBA00B0DDDD /* BNROwnedAppliance.m */,
				FA4120301A3CEF7100B0DDDD /* Appliances */,
				FA41202F1A3CEF7100B0DDDD /* Products */,
			);
			sourceTree = "<group>";
		};
		FA41202F1A3CEF7100B0DDDD /* Products */ = {
			isa = PBXGroup;
			children = (
				FA41202E1A3CEF7100B0DDDD /* Appliances */,
			);
			name = Products;
			sourceTree = "<group>";
		};
		FA4120301A3CEF7100B0DDDD /* Appliances */ = {
			isa = PBXGroup;
			children = (
				FA4120311A3CEF7100B0DDDD /* main.m */,
			);
			path = Appliances;
			sourceTree = "<group>";
		};
/* End PBXGroup section */

/* Begin PBXNativeTarget section */
		FA41202D1A3CEF7100B0DDDD /* Appliances */ = {
			isa = PBXNativeTarget;
			buildConfigurationList = FA4120351A3CEF7100B0DDDD /* Build configuration list for PBXNativeTarget "Appliances" */;
			buildPhases = (
				FA41202A1A3CEF7100B0DDDD /* Sources */,
				FA41202B1A3CEF7100B0DDDD /* Frameworks */,
				FA41202C1A3CEF7100B0DDDD /* CopyFiles */,
			);
			buildRules = (
			);
			dependencies = (
			);
			name = Appliances;
			productName = Appliances;
			productReference = FA41202E1A3CEF7100B0DDDD /* Appliances */;
			productType = "com.apple.product-type.tool";
		};
/* End PBXNativeTarget section */

/* Begin PBXProject section */
		FA4120261A3CEF7100B0DDDD /* Project object */ = {
			isa = PBXProject;
			attributes = {
				LastUpgradeCheck = 0610;
				ORGANIZATIONNAME = "Alexander Kudryashov";
				TargetAttributes = {
					FA41202D1A3CEF7100B0DDDD = {
						CreatedOnToolsVersion = 6.1.1;
					};
				};
			};
			buildConfigurationList = FA4120291A3CEF7100B0DDDD /* Build configuration list for PBXProject "Appliances" */;
			compatibilityVersion = "Xcode 3.2";
			developmentRegion = English;
			hasScannedForEncodings = 0;
			knownRegions = (
				en,
			);
			mainGroup = FA4120251A3CEF7100B0DDDD;
			productRefGroup = FA41202F1A3CEF7100B0DDDD /* Products */;
			projectDirPath = "";
			projectRoot = "";
			targets = (
				FA41202D1A3CEF7100B0DDDD /* Appliances */,
			);
		};
/* End PBXProject section */

/* Begin PBXSourcesBuildPhase section */
		FA41202A1A3CEF7100B0DDDD /* Sources */ = {
			isa = PBXSourcesBuildPhase;
			buildActionMask = 2147483647;
			files = (
				FA41203A1A3CEFA000B0DDDD /* BNRAppliance.m in Sources */,
				FA41203D1A3CEFBA00B0DDDD /* BNROwnedAppliance.m in Sources */,
				FA4120321A3CEF7100B0DDDD /* main.m in Sources */,
			);
			runOnlyForDeploymentPostprocessing = 0;
		};
/* End PBXSourcesBuildPhase section */

/* Begin XCBuildConfiguration section */
		FA4120331A3CEF7100B0DDDD /* Debug */ = {
			isa = XCBuildConfiguration;
			buildSettings = {
				ALWAYS_SEARCH_USER_PATHS = NO;
				CLANG_CXX_LANGUAGE_STANDARD = "gnu++0x";
				CLANG_CXX_LIBRARY = "libc++";
				CLANG_ENABLE_MODULES = YES;
				CLANG_ENABLE_OBJC_ARC = YES;
				CLANG_WARN_BOOL_CONVERSION = YES;
				CLANG_WARN_CONSTANT_CONVERSION = YES;
				CLANG_WARN_DIRECT_OBJC_ISA_USAGE = YES_ERROR;
				CLANG_WARN_EMPTY_BODY = YES;
				CLANG_WARN_ENUM_CONVERSION = YES;
				CLANG_WARN_INT_CONVERSION = YES;
				CLANG_WARN_OBJC_ROOT_CLASS = YES_ERROR;
				CLANG_WARN_UNREACHABLE_CODE = YES;
				CLANG_WARN__DUPLICATE_METHOD_MATCH = YES;
				COPY_PHASE_STRIP = NO;
				ENABLE_STRICT_OBJC_MSGSEND = YES;
				GCC_C_LANGUAGE_STANDARD = gnu99;
				GCC_DYNAMIC_NO_PIC = NO;
				GCC_OPTIMIZATION_LEVEL = 0;
				GCC_PREPROCESSOR_DEFINITIONS = (
					"DEBUG=1",
					"$(inherited)",
				);
				GCC_SYMBOLS_PRIVATE_EXTERN = NO;
				GCC_WARN_64_TO_32_BIT_CONVERSION = YES;
				GCC_WARN_ABOUT_RETURN_TYPE = YES_ERROR;
				GCC_WARN_UNDECLARED_SELECTOR = YES;
				GCC_WARN_UNINITIALIZED_AUTOS = YES_AGGRESSIVE;
				GCC_WARN_UNUSED_FUNCTION = YES;
				GCC_WARN_UNUSED_VARIABLE = YES;
				MACOSX_DEPLOYMENT_TARGET = 10.10;
				MTL_ENABLE_DEBUG_INFO = YES;
				ONLY_ACTIVE_ARCH = YES;
				SDKROOT = macosx;
			};
			name = Debug;
		};
		FA4120341A3CEF7100B0DDDD /* Release */ = {
			isa = XCBuildConfiguration;
			buildSettings = {
				ALWAYS_SEARCH_USER_PATHS = NO;
				CLANG_CXX_LANGUAGE_STANDARD = "gnu++0x";
				CLANG_CXX_LIBRARY = "libc++";
				CLANG_ENABLE_MODULES = YES;
				CLANG_ENABLE_OBJC_ARC = YES;
				CLANG_WARN_BOOL_CONVERSION = YES;
				CLANG_WARN_CONSTANT_CONVERSION = YES;
				CLANG_WARN_DIRECT_OBJC_ISA_USAGE = YES_ERROR;
				CLANG_WARN_EMPTY_BODY = YES;
				CLANG_WARN_ENUM_CONVERSION = YES;
				CLANG_WARN_INT_CONVERSION = YES;
				CLANG_WARN_OBJC_ROOT_CLASS = YES_ERROR;
				CLANG_WARN_UNREACHABLE_CODE = YES;
				CLANG_WARN__DUPLICATE_METHOD_MATCH = YES;
				COPY_PHASE_STRIP = YES;
				DEBUG_INFORMATION_FORMAT = "dwarf-with-dsym";
				ENABLE_NS_ASSERTIONS = NO;
				ENABLE_STRICT_OBJC_MSGSEND = YES;
				GCC_C_LANGUAGE_STANDARD = gnu99;
				GCC_WARN_64_TO_32_BIT_CONVERSION = YES;
				GCC_WARN_ABOUT_RETURN_TYPE = YES_ERROR;
				GCC_WARN_UNDECLARED_SELECTOR = YES;
				GCC_WARN_UNINITIALIZED_AUTOS = YES_AGGRESSIVE;
				GCC_WARN_UNUSED_FUNCTION = YES;
				GCC_WARN_UNUSED_VARIABLE = YES;
				MACOSX_DEPLOYMENT_TARGET = 10.10;
				MTL_ENABLE_DEBUG_INFO = NO;
				SDKROOT = macosx;
			};
			name = Release;
		};
		FA4120361A3CEF7100B0DDDD /* Debug */ = {
			isa = XCBuildConfiguration;
			buildSettings = {
				PRODUCT_NAME = "$(TARGET_NAME)";
			};
			name = Debug;
		};
		FA4120371A3CEF7100B0DDDD /* Release */ = {
			isa = XCBuildConfiguration;
			buildSettings = {
				PRODUCT_NAME = "$(TARGET_NAME)";
			};
			name = Release;
		};
/* End XCBuildConfiguration section */

/* Begin XCConfigurationList section */
		FA4120291A3CEF7100B0DDDD /* Build configuration list for PBXProject "Appliances" */ = {
			isa = XCConfigurationList;
			buildConfigurations = (
				FA4120331A3CEF7100B0DDDD /* Debug */,
				FA4120341A3CEF7100B0DDDD /* Release */,
			);
			defaultConfigurationIsVisible = 0;
			defaultConfigurationName = Release;
		};
		FA4120351A3CEF7100B0DDDD /* Build configuration list for PBXNativeTarget "Appliances" */ = {
			isa = XCConfigurationList;
			buildConfigurations = (
				FA4120361A3CEF7100B0DDDD /* Debug */,
				FA4120371A3CEF7100B0DDDD /* Release */,
			);
			defaultConfigurationIsVisible = 0;
		};
/* End XCConfigurationList section */
	};
	rootObject = FA4120261A3CEF7100B0DDDD /* Project object */;
}
